// !$*UTF8*$!
{
	archiveVersion = 1;
	classes = {
	};
	objectVersion = 46;
	objects = {

/* Begin PBXBuildFile section */
		492F6C8E1C0EC84500361542 /* main.m in Sources */ = {isa = PBXBuildFile; fileRef = 492F6C8D1C0EC84500361542 /* main.m */; };
		492F6C911C0EC84500361542 /* AppDelegate.m in Sources */ = {isa = PBXBuildFile; fileRef = 492F6C901C0EC84500361542 /* AppDelegate.m */; };
		492F6C941C0EC84500361542 /* ScanViewController.m in Sources */ = {isa = PBXBuildFile; fileRef = 492F6C931C0EC84500361542 /* ScanViewController.m */; };
		492F6C971C0EC84500361542 /* Main.storyboard in Resources */ = {isa = PBXBuildFile; fileRef = 492F6C951C0EC84500361542 /* Main.storyboard */; };
		492F6C991C0EC84500361542 /* Assets.xcassets in Resources */ = {isa = PBXBuildFile; fileRef = 492F6C981C0EC84500361542 /* Assets.xcassets */; };
		492F6C9C1C0EC84500361542 /* LaunchScreen.storyboard in Resources */ = {isa = PBXBuildFile; fileRef = 492F6C9A1C0EC84500361542 /* LaunchScreen.storyboard */; };
		492F6CA71C0EC84600361542 /* QRCodeScaningDemoTests.m in Sources */ = {isa = PBXBuildFile; fileRef = 492F6CA61C0EC84600361542 /* QRCodeScaningDemoTests.m */; };
		492F6CB21C0EC84600361542 /* QRCodeScaningDemoUITests.m in Sources */ = {isa = PBXBuildFile; fileRef = 492F6CB11C0EC84600361542 /* QRCodeScaningDemoUITests.m */; };
		492F6CC21C0EC88E00361542 /* DSQRCodeScanView.m in Sources */ = {isa = PBXBuildFile; fileRef = 492F6CC11C0EC88E00361542 /* DSQRCodeScanView.m */; };
		492F6CC41C0EC9E600361542 /* QRCodeScan.bundle in Resources */ = {isa = PBXBuildFile; fileRef = 492F6CC31C0EC9E600361542 /* QRCodeScan.bundle */; };
		492F6CC71C0ED62200361542 /* DSScanView.m in Sources */ = {isa = PBXBuildFile; fileRef = 492F6CC61C0ED62200361542 /* DSScanView.m */; };
		492F6CCC1C101D8000361542 /* DSParseQRCodeFromImage.m in Sources */ = {isa = PBXBuildFile; fileRef = 492F6CCB1C101D8000361542 /* DSParseQRCodeFromImage.m */; };
		492F6CCF1C10232000361542 /* ParseViewController.m in Sources */ = {isa = PBXBuildFile; fileRef = 492F6CCE1C10232000361542 /* ParseViewController.m */; };
/* End PBXBuildFile section */

/* Begin PBXContainerItemProxy section */
		492F6CA31C0EC84600361542 /* PBXContainerItemProxy */ = {
			isa = PBXContainerItemProxy;
			containerPortal = 492F6C811C0EC84500361542 /* Project object */;
			proxyType = 1;
			remoteGlobalIDString = 492F6C881C0EC84500361542;
			remoteInfo = QRCodeScaningDemo;
		};
		492F6CAE1C0EC84600361542 /* PBXContainerItemProxy */ = {
			isa = PBXContainerItemProxy;
			containerPortal = 492F6C811C0EC84500361542 /* Project object */;
			proxyType = 1;
			remoteGlobalIDString = 492F6C881C0EC84500361542;
			remoteInfo = QRCodeScaningDemo;
		};
/* End PBXContainerItemProxy section */

/* Begin PBXFileReference section */
		492F6C891C0EC84500361542 /* QRCodeScaningDemo.app */ = {isa = PBXFileReference; explicitFileType = wrapper.application; includeInIndex = 0; path = QRCodeScaningDemo.app; sourceTree = BUILT_PRODUCTS_DIR; };
		492F6C8D1C0EC84500361542 /* main.m */ = {isa = PBXFileReference; lastKnownFileType = sourcecode.c.objc; path = main.m; sourceTree = "<group>"; };
		492F6C8F1C0EC84500361542 /* AppDelegate.h */ = {isa = PBXFileReference; lastKnownFileType = sourcecode.c.h; path = AppDelegate.h; sourceTree = "<group>"; };
		492F6C901C0EC84500361542 /* AppDelegate.m */ = {isa = PBXFileReference; lastKnownFileType = sourcecode.c.objc; path = AppDelegate.m; sourceTree = "<group>"; };
		492F6C921C0EC84500361542 /* ScanViewController.h */ = {isa = PBXFileReference; lastKnownFileType = sourcecode.c.h; path = ScanViewController.h; sourceTree = "<group>"; };
		492F6C931C0EC84500361542 /* ScanViewController.m */ = {isa = PBXFileReference; lastKnownFileType = sourcecode.c.objc; path = ScanViewController.m; sourceTree = "<group>"; };
		492F6C961C0EC84500361542 /* Base */ = {isa = PBXFileReference; lastKnownFileType = file.storyboard; name = Base; path = Base.lproj/Main.storyboard; sourceTree = "<group>"; };
		492F6C981C0EC84500361542 /* Assets.xcassets */ = {isa = PBXFileReference; lastKnownFileType = folder.assetcatalog; path = Assets.xcassets; sourceTree = "<group>"; };
		492F6C9B1C0EC84500361542 /* Base */ = {isa = PBXFileReference; lastKnownFileType = file.storyboard; name = Base; path = Base.lproj/LaunchScreen.storyboard; sourceTree = "<group>"; };
		492F6C9D1C0EC84500361542 /* Info.plist */ = {isa = PBXFileReference; lastKnownFileType = text.plist.xml; path = Info.plist; sourceTree = "<group>"; };
		492F6CA21C0EC84600361542 /* QRCodeScaningDemoTests.xctest */ = {isa = PBXFileReference; explicitFileType = wrapper.cfbundle; includeInIndex = 0; path = QRCodeScaningDemoTests.xctest; sourceTree = BUILT_PRODUCTS_DIR; };
		492F6CA61C0EC84600361542 /* QRCodeScaningDemoTests.m */ = {isa = PBXFileReference; lastKnownFileType = sourcecode.c.objc; path = QRCodeScaningDemoTests.m; sourceTree = "<group>"; };
		492F6CA81C0EC84600361542 /* Info.plist */ = {isa = PBXFileReference; lastKnownFileType = text.plist.xml; path = Info.plist; sourceTree = "<group>"; };
		492F6CAD1C0EC84600361542 /* QRCodeScaningDemoUITests.xctest */ = {isa = PBXFileReference; explicitFileType = wrapper.cfbundle; includeInIndex = 0; path = QRCodeScaningDemoUITests.xctest; sourceTree = BUILT_PRODUCTS_DIR; };
		492F6CB11C0EC84600361542 /* QRCodeScaningDemoUITests.m */ = {isa = PBXFileReference; lastKnownFileType = sourcecode.c.objc; path = QRCodeScaningDemoUITests.m; sourceTree = "<group>"; };
		492F6CB31C0EC84600361542 /* Info.plist */ = {isa = PBXFileReference; lastKnownFileType = text.plist.xml; path = Info.plist; sourceTree = "<group>"; };
		492F6CC01C0EC88E00361542 /* DSQRCodeScanView.h */ = {isa = PBXFileReference; fileEncoding = 4; lastKnownFileType = sourcecode.c.h; path = DSQRCodeScanView.h; sourceTree = "<group>"; };
		492F6CC11C0EC88E00361542 /* DSQRCodeScanView.m */ = {isa = PBXFileReference; fileEncoding = 4; lastKnownFileType = sourcecode.c.objc; path = DSQRCodeScanView.m; sourceTree = "<group>"; };
		492F6CC31C0EC9E600361542 /* QRCodeScan.bundle */ = {isa = PBXFileReference; lastKnownFileType = "wrapper.plug-in"; path = QRCodeScan.bundle; sourceTree = "<group>"; };
		492F6CC51C0ED62200361542 /* DSScanView.h */ = {isa = PBXFileReference; fileEncoding = 4; lastKnownFileType = sourcecode.c.h; path = DSScanView.h; sourceTree = "<group>"; };
		492F6CC61C0ED62200361542 /* DSScanView.m */ = {isa = PBXFileReference; fileEncoding = 4; lastKnownFileType = sourcecode.c.objc; path = DSScanView.m; sourceTree = "<group>"; };
		492F6CCA1C101D8000361542 /* DSParseQRCodeFromImage.h */ = {isa = PBXFileReference; fileEncoding = 4; lastKnownFileType = sourcecode.c.h; path = DSParseQRCodeFromImage.h; sourceTree = "<group>"; };
		492F6CCB1C101D8000361542 /* DSParseQRCodeFromImage.m */ = {isa = PBXFileReference; fileEncoding = 4; lastKnownFileType = sourcecode.c.objc; path = DSParseQRCodeFromImage.m; sourceTree = "<group>"; };
		492F6CCD1C10232000361542 /* ParseViewController.h */ = {isa = PBXFileReference; fileEncoding = 4; lastKnownFileType = sourcecode.c.h; path = ParseViewController.h; sourceTree = "<group>"; };
		492F6CCE1C10232000361542 /* ParseViewController.m */ = {isa = PBXFileReference; fileEncoding = 4; lastKnownFileType = sourcecode.c.objc; path = ParseViewController.m; sourceTree = "<group>"; };
/* End PBXFileReference section */

/* Begin PBXFrameworksBuildPhase section */
		492F6C861C0EC84500361542 /* Frameworks */ = {
			isa = PBXFrameworksBuildPhase;
			buildActionMask = 2147483647;
			files = (
			);
			runOnlyForDeploymentPostprocessing = 0;
		};
		492F6C9F1C0EC84600361542 /* Frameworks */ = {
			isa = PBXFrameworksBuildPhase;
			buildActionMask = 2147483647;
			files = (
			);
			runOnlyForDeploymentPostprocessing = 0;
		};
		492F6CAA1C0EC84600361542 /* Frameworks */ = {
			isa = PBXFrameworksBuildPhase;
			buildActionMask = 2147483647;
			files = (
			);
			runOnlyForDeploymentPostprocessing = 0;
		};
/* End PBXFrameworksBuildPhase section */

/* Begin PBXGroup section */
		492F6C801C0EC84500361542 = {
			isa = PBXGroup;
			children = (
				492F6C8B1C0EC84500361542 /* QRCodeScaningDemo */,
				492F6CA51C0EC84600361542 /* QRCodeScaningDemoTests */,
				492F6CB01C0EC84600361542 /* QRCodeScaningDemoUITests */,
				492F6C8A1C0EC84500361542 /* Products */,
			);
			sourceTree = "<group>";
		};
		492F6C8A1C0EC84500361542 /* Products */ = {
			isa = PBXGroup;
			children = (
				492F6C891C0EC84500361542 /* QRCodeScaningDemo.app */,
				492F6CA21C0EC84600361542 /* QRCodeScaningDemoTests.xctest */,
				492F6CAD1C0EC84600361542 /* QRCodeScaningDemoUITests.xctest */,
			);
			name = Products;
			sourceTree = "<group>";
		};
		492F6C8B1C0EC84500361542 /* QRCodeScaningDemo */ = {
			isa = PBXGroup;
			children = (
				492F6CBF1C0EC85200361542 /* QRCodeScan */,
				492F6C8F1C0EC84500361542 /* AppDelegate.h */,
				492F6C901C0EC84500361542 /* AppDelegate.m */,
				492F6C921C0EC84500361542 /* ScanViewController.h */,
				492F6C931C0EC84500361542 /* ScanViewController.m */,
				492F6CCD1C10232000361542 /* ParseViewController.h */,
				492F6CCE1C10232000361542 /* ParseViewController.m */,
				492F6C951C0EC84500361542 /* Main.storyboard */,
				492F6C981C0EC84500361542 /* Assets.xcassets */,
				492F6C9A1C0EC84500361542 /* LaunchScreen.storyboard */,
				492F6C9D1C0EC84500361542 /* Info.plist */,
				492F6C8C1C0EC84500361542 /* Supporting Files */,
			);
			path = QRCodeScaningDemo;
			sourceTree = "<group>";
		};
		492F6C8C1C0EC84500361542 /* Supporting Files */ = {
			isa = PBXGroup;
			children = (
				492F6C8D1C0EC84500361542 /* main.m */,
			);
			name = "Supporting Files";
			sourceTree = "<group>";
		};
		492F6CA51C0EC84600361542 /* QRCodeScaningDemoTests */ = {
			isa = PBXGroup;
			children = (
				492F6CA61C0EC84600361542 /* QRCodeScaningDemoTests.m */,
				492F6CA81C0EC84600361542 /* Info.plist */,
			);
			path = QRCodeScaningDemoTests;
			sourceTree = "<group>";
		};
		492F6CB01C0EC84600361542 /* QRCodeScaningDemoUITests */ = {
			isa = PBXGroup;
			children = (
				492F6CB11C0EC84600361542 /* QRCodeScaningDemoUITests.m */,
				492F6CB31C0EC84600361542 /* Info.plist */,
			);
			path = QRCodeScaningDemoUITests;
			sourceTree = "<group>";
		};
		492F6CBF1C0EC85200361542 /* QRCodeScan */ = {
			isa = PBXGroup;
			children = (
				492F6CC01C0EC88E00361542 /* DSQRCodeScanView.h */,
				492F6CC11C0EC88E00361542 /* DSQRCodeScanView.m */,
				492F6CC51C0ED62200361542 /* DSScanView.h */,
				492F6CC61C0ED62200361542 /* DSScanView.m */,
				492F6CCA1C101D8000361542 /* DSParseQRCodeFromImage.h */,
				492F6CCB1C101D8000361542 /* DSParseQRCodeFromImage.m */,
				492F6CC31C0EC9E600361542 /* QRCodeScan.bundle */,
			);
			path = QRCodeScan;
			sourceTree = "<group>";
		};
/* End PBXGroup section */

/* Begin PBXNativeTarget section */
		492F6C881C0EC84500361542 /* QRCodeScaningDemo */ = {
			isa = PBXNativeTarget;
			buildConfigurationList = 492F6CB61C0EC84600361542 /* Build configuration list for PBXNativeTarget "QRCodeScaningDemo" */;
			buildPhases = (
				492F6C851C0EC84500361542 /* Sources */,
				492F6C861C0EC84500361542 /* Frameworks */,
				492F6C871C0EC84500361542 /* Resources */,
			);
			buildRules = (
			);
			dependencies = (
			);
			name = QRCodeScaningDemo;
			productName = QRCodeScaningDemo;
			productReference = 492F6C891C0EC84500361542 /* QRCodeScaningDemo.app */;
			productType = "com.apple.product-type.application";
		};
		492F6CA11C0EC84600361542 /* QRCodeScaningDemoTests */ = {
			isa = PBXNativeTarget;
			buildConfigurationList = 492F6CB91C0EC84600361542 /* Build configuration list for PBXNativeTarget "QRCodeScaningDemoTests" */;
			buildPhases = (
				492F6C9E1C0EC84600361542 /* Sources */,
				492F6C9F1C0EC84600361542 /* Frameworks */,
				492F6CA01C0EC84600361542 /* Resources */,
			);
			buildRules = (
			);
			dependencies = (
				492F6CA41C0EC84600361542 /* PBXTargetDependency */,
			);
			name = QRCodeScaningDemoTests;
			productName = QRCodeScaningDemoTests;
			productReference = 492F6CA21C0EC84600361542 /* QRCodeScaningDemoTests.xctest */;
			productType = "com.apple.product-type.bundle.unit-test";
		};
		492F6CAC1C0EC84600361542 /* QRCodeScaningDemoUITests */ = {
			isa = PBXNativeTarget;
			buildConfigurationList = 492F6CBC1C0EC84600361542 /* Build configuration list for PBXNativeTarget "QRCodeScaningDemoUITests" */;
			buildPhases = (
				492F6CA91C0EC84600361542 /* Sources */,
				492F6CAA1C0EC84600361542 /* Frameworks */,
				492F6CAB1C0EC84600361542 /* Resources */,
			);
			buildRules = (
			);
			dependencies = (
				492F6CAF1C0EC84600361542 /* PBXTargetDependency */,
			);
			name = QRCodeScaningDemoUITests;
			productName = QRCodeScaningDemoUITests;
			productReference = 492F6CAD1C0EC84600361542 /* QRCodeScaningDemoUITests.xctest */;
			productType = "com.apple.product-type.bundle.ui-testing";
		};
/* End PBXNativeTarget section */

/* Begin PBXProject section */
		492F6C811C0EC84500361542 /* Project object */ = {
			isa = PBXProject;
			attributes = {
				LastUpgradeCheck = 0710;
				ORGANIZATIONNAME = LS;
				TargetAttributes = {
					492F6C881C0EC84500361542 = {
						CreatedOnToolsVersion = 7.1.1;
					};
					492F6CA11C0EC84600361542 = {
						CreatedOnToolsVersion = 7.1.1;
						TestTargetID = 492F6C881C0EC84500361542;
					};
					492F6CAC1C0EC84600361542 = {
						CreatedOnToolsVersion = 7.1.1;
						TestTargetID = 492F6C881C0EC84500361542;
					};
				};
			};
			buildConfigurationList = 492F6C841C0EC84500361542 /* Build configuration list for PBXProject "QRCodeScaningDemo" */;
			compatibilityVersion = "Xcode 3.2";
			developmentRegion = English;
			hasScannedForEncodings = 0;
			knownRegions = (
				en,
				Base,
			);
			mainGroup = 492F6C801C0EC84500361542;
			productRefGroup = 492F6C8A1C0EC84500361542 /* Products */;
			projectDirPath = "";
			projectRoot = "";
			targets = (
				492F6C881C0EC84500361542 /* QRCodeScaningDemo */,
				492F6CA11C0EC84600361542 /* QRCodeScaningDemoTests */,
				492F6CAC1C0EC84600361542 /* QRCodeScaningDemoUITests */,
			);
		};
/* End PBXProject section */

/* Begin PBXResourcesBuildPhase section */
		492F6C871C0EC84500361542 /* Resources */ = {
			isa = PBXResourcesBuildPhase;
			buildActionMask = 2147483647;
			files = (
				492F6CC41C0EC9E600361542 /* QRCodeScan.bundle in Resources */,
				492F6C9C1C0EC84500361542 /* LaunchScreen.storyboard in Resources */,
				492F6C991C0EC84500361542 /* Assets.xcassets in Resources */,
				492F6C971C0EC84500361542 /* Main.storyboard in Resources */,
			);
			runOnlyForDeploymentPostprocessing = 0;
		};
		492F6CA01C0EC84600361542 /* Resources */ = {
			isa = PBXResourcesBuildPhase;
			buildActionMask = 2147483647;
			files = (
			);
			runOnlyForDeploymentPostprocessing = 0;
		};
		492F6CAB1C0EC84600361542 /* Resources */ = {
			isa = PBXResourcesBuildPhase;
			buildActionMask = 2147483647;
			files = (
			);
			runOnlyForDeploymentPostprocessing = 0;
		};
/* End PBXResourcesBuildPhase section */

/* Begin PBXSourcesBuildPhase section */
		492F6C851C0EC84500361542 /* Sources */ = {
			isa = PBXSourcesBuildPhase;
			buildActionMask = 2147483647;
			files = (
				492F6CC71C0ED62200361542 /* DSScanView.m in Sources */,
				492F6C941C0EC84500361542 /* ScanViewController.m in Sources */,
				492F6C911C0EC84500361542 /* AppDelegate.m in Sources */,
				492F6CC21C0EC88E00361542 /* DSQRCodeScanView.m in Sources */,
				492F6CCF1C10232000361542 /* ParseViewController.m in Sources */,
				492F6CCC1C101D8000361542 /* DSParseQRCodeFromImage.m in Sources */,
				492F6C8E1C0EC84500361542 /* main.m in Sources */,
			);
			runOnlyForDeploymentPostprocessing = 0;
		};
		492F6C9E1C0EC84600361542 /* Sources */ = {
			isa = PBXSourcesBuildPhase;
			buildActionMask = 2147483647;
			files = (
				492F6CA71C0EC84600361542 /* QRCodeScaningDemoTests.m in Sources */,
			);
			runOnlyForDeploymentPostprocessing = 0;
		};
		492F6CA91C0EC84600361542 /* Sources */ = {
			isa = PBXSourcesBuildPhase;
			buildActionMask = 2147483647;
			files = (
				492F6CB21C0EC84600361542 /* QRCodeScaningDemoUITests.m in Sources */,
			);
			runOnlyForDeploymentPostprocessing = 0;
		};
/* End PBXSourcesBuildPhase section */

/* Begin PBXTargetDependency section */
		492F6CA41C0EC84600361542 /* PBXTargetDependency */ = {
			isa = PBXTargetDependency;
			target = 492F6C881C0EC84500361542 /* QRCodeScaningDemo */;
			targetProxy = 492F6CA31C0EC84600361542 /* PBXContainerItemProxy */;
		};
		492F6CAF1C0EC84600361542 /* PBXTargetDependency */ = {
			isa = PBXTargetDependency;
			target = 492F6C881C0EC84500361542 /* QRCodeScaningDemo */;
			targetProxy = 492F6CAE1C0EC84600361542 /* PBXContainerItemProxy */;
		};
/* End PBXTargetDependency section */

/* Begin PBXVariantGroup section */
		492F6C951C0EC84500361542 /* Main.storyboard */ = {
			isa = PBXVariantGroup;
			children = (
				492F6C961C0EC84500361542 /* Base */,
			);
			name = Main.storyboard;
			sourceTree = "<group>";
		};
		492F6C9A1C0EC84500361542 /* LaunchScreen.storyboard */ = {
			isa = PBXVariantGroup;
			children = (
				492F6C9B1C0EC84500361542 /* Base */,
			);
			name = LaunchScreen.storyboard;
			sourceTree = "<group>";
		};
/* End PBXVariantGroup section */

/* Begin XCBuildConfiguration section */
		492F6CB41C0EC84600361542 /* Debug */ = {
			isa = XCBuildConfiguration;
			buildSettings = {
				ALWAYS_SEARCH_USER_PATHS = NO;
				CLANG_CXX_LANGUAGE_STANDARD = "gnu++0x";
				CLANG_CXX_LIBRARY = "libc++";
				CLANG_ENABLE_MODULES = YES;
				CLANG_ENABLE_OBJC_ARC = YES;
				CLANG_WARN_BOOL_CONVERSION = YES;
				CLANG_WARN_CONSTANT_CONVERSION = YES;
				CLANG_WARN_DIRECT_OBJC_ISA_USAGE = YES_ERROR;
				CLANG_WARN_EMPTY_BODY = YES;
				CLANG_WARN_ENUM_CONVERSION = YES;
				CLANG_WARN_INT_CONVERSION = YES;
				CLANG_WARN_OBJC_ROOT_CLASS = YES_ERROR;
				CLANG_WARN_UNREACHABLE_CODE = YES;
				CLANG_WARN__DUPLICATE_METHOD_MATCH = YES;
				"CODE_SIGN_IDENTITY[sdk=iphoneos*]" = "iPhone Developer";
				COPY_PHASE_STRIP = NO;
				DEBUG_INFORMATION_FORMAT = dwarf;
				ENABLE_STRICT_OBJC_MSGSEND = YES;
				ENABLE_TESTABILITY = YES;
				GCC_C_LANGUAGE_STANDARD = gnu99;
				GCC_DYNAMIC_NO_PIC = NO;
				GCC_NO_COMMON_BLOCKS = YES;
				GCC_OPTIMIZATION_LEVEL = 0;
				GCC_PREPROCESSOR_DEFINITIONS = (
					"DEBUG=1",
					"$(inherited)",
				);
				GCC_WARN_64_TO_32_BIT_CONVERSION = YES;
				GCC_WARN_ABOUT_RETURN_TYPE = YES_ERROR;
				GCC_WARN_UNDECLARED_SELECTOR = YES;
				GCC_WARN_UNINITIALIZED_AUTOS = YES_AGGRESSIVE;
				GCC_WARN_UNUSED_FUNCTION = YES;
				GCC_WARN_UNUSED_VARIABLE = YES;
				IPHONEOS_DEPLOYMENT_TARGET = 7.1;
				MTL_ENABLE_DEBUG_INFO = YES;
				ONLY_ACTIVE_ARCH = YES;
				SDKROOT = iphoneos;
			};
			name = Debug;
		};
		492F6CB51C0EC84600361542 /* Release */ = {
			isa = XCBuildConfiguration;
			buildSettings = {
				ALWAYS_SEARCH_USER_PATHS = NO;
				CLANG_CXX_LANGUAGE_STANDARD = "gnu++0x";
				CLANG_CXX_LIBRARY = "libc++";
				CLANG_ENABLE_MODULES = YES;
				CLANG_ENABLE_OBJC_ARC = YES;
				CLANG_WARN_BOOL_CONVERSION = YES;
				CLANG_WARN_CONSTANT_CONVERSION = YES;
				CLANG_WARN_DIRECT_OBJC_ISA_USAGE = YES_ERROR;
				CLANG_WARN_EMPTY_BODY = YES;
				CLANG_WARN_ENUM_CONVERSION = YES;
				CLANG_WARN_INT_CONVERSION = YES;
				CLANG_WARN_OBJC_ROOT_CLASS = YES_ERROR;
				CLANG_WARN_UNREACHABLE_CODE = YES;
				CLANG_WARN__DUPLICATE_METHOD_MATCH = YES;
				"CODE_SIGN_IDENTITY[sdk=iphoneos*]" = "iPhone Developer";
				COPY_PHASE_STRIP = NO;
				DEBUG_INFORMATION_FORMAT = "dwarf-with-dsym";
				ENABLE_NS_ASSERTIONS = NO;
				ENABLE_STRICT_OBJC_MSGSEND = YES;
				GCC_C_LANGUAGE_STANDARD = gnu99;
				GCC_NO_COMMON_BLOCKS = YES;
				GCC_WARN_64_TO_32_BIT_CONVERSION = YES;
				GCC_WARN_ABOUT_RETURN_TYPE = YES_ERROR;
				GCC_WARN_UNDECLARED_SELECTOR = YES;
				GCC_WARN_UNINITIALIZED_AUTOS = YES_AGGRESSIVE;
				GCC_WARN_UNUSED_FUNCTION = YES;
				GCC_WARN_UNUSED_VARIABLE = YES;
				IPHONEOS_DEPLOYMENT_TARGET = 7.1;
				MTL_ENABLE_DEBUG_INFO = NO;
				SDKROOT = iphoneos;
				VALIDATE_PRODUCT = YES;
			};
			name = Release;
		};
		492F6CB71C0EC84600361542 /* Debug */ = {
			isa = XCBuildConfiguration;
			buildSettings = {
				ASSETCATALOG_COMPILER_APPICON_NAME = AppIcon;
				INFOPLIST_FILE = QRCodeScaningDemo/Info.plist;
				IPHONEOS_DEPLOYMENT_TARGET = 7.1;
				LD_RUNPATH_SEARCH_PATHS = "$(inherited) @executable_path/Frameworks";
				PRODUCT_BUNDLE_IDENTIFIER = io.gitcafe.linfeng1009.QRCodeScaningDemo;
				PRODUCT_NAME = "$(TARGET_NAME)";
			};
			name = Debug;
		};
		492F6CB81C0EC84600361542 /* Release */ = {
			isa = XCBuildConfiguration;
			buildSettings = {
				ASSETCATALOG_COMPILER_APPICON_NAME = AppIcon;
				INFOPLIST_FILE = QRCodeScaningDemo/Info.plist;
				IPHONEOS_DEPLOYMENT_TARGET = 7.1;
				LD_RUNPATH_SEARCH_PATHS = "$(inherited) @executable_path/Frameworks";
				PRODUCT_BUNDLE_IDENTIFIER = io.gitcafe.linfeng1009.QRCodeScaningDemo;
				PRODUCT_NAME = "$(TARGET_NAME)";
			};
			name = Release;
		};
		492F6CBA1C0EC84600361542 /* Debug */ = {
			isa = XCBuildConfiguration;
			buildSettings = {
				BUNDLE_LOADER = "$(TEST_HOST)";
				INFOPLIST_FILE = QRCodeScaningDemoTests/Info.plist;
				LD_RUNPATH_SEARCH_PATHS = "$(inherited) @executable_path/Frameworks @loader_path/Frameworks";
				PRODUCT_BUNDLE_IDENTIFIER = io.gitcafe.linfeng1009.QRCodeScaningDemoTests;
				PRODUCT_NAME = "$(TARGET_NAME)";
				TEST_HOST = "$(BUILT_PRODUCTS_DIR)/QRCodeScaningDemo.app/QRCodeScaningDemo";
			};
			name = Debug;
		};
		492F6CBB1C0EC84600361542 /* Release */ = {
			isa = XCBuildConfiguration;
			buildSettings = {
				BUNDLE_LOADER = "$(TEST_HOST)";
				INFOPLIST_FILE = QRCodeScaningDemoTests/Info.plist;
				LD_RUNPATH_SEARCH_PATHS = "$(inherited) @executable_path/Frameworks @loader_path/Frameworks";
				PRODUCT_BUNDLE_IDENTIFIER = io.gitcafe.linfeng1009.QRCodeScaningDemoTests;
				PRODUCT_NAME = "$(TARGET_NAME)";
				TEST_HOST = "$(BUILT_PRODUCTS_DIR)/QRCodeScaningDemo.app/QRCodeScaningDemo";
			};
			name = Release;
		};
		492F6CBD1C0EC84600361542 /* Debug */ = {
			isa = XCBuildConfiguration;
			buildSettings = {
				INFOPLIST_FILE = QRCodeScaningDemoUITests/Info.plist;
				LD_RUNPATH_SEARCH_PATHS = "$(inherited) @executable_path/Frameworks @loader_path/Frameworks";
				PRODUCT_BUNDLE_IDENTIFIER = io.gitcafe.linfeng1009.QRCodeScaningDemoUITests;
				PRODUCT_NAME = "$(TARGET_NAME)";
				TEST_TARGET_NAME = QRCodeScaningDemo;
				USES_XCTRUNNER = YES;
			};
			name = Debug;
		};
		492F6CBE1C0EC84600361542 /* Release */ = {
			isa = XCBuildConfiguration;
			buildSettings = {
				INFOPLIST_FILE = QRCodeScaningDemoUITests/Info.plist;
				LD_RUNPATH_SEARCH_PATHS = "$(inherited) @executable_path/Frameworks @loader_path/Frameworks";
				PRODUCT_BUNDLE_IDENTIFIER = io.gitcafe.linfeng1009.QRCodeScaningDemoUITests;
				PRODUCT_NAME = "$(TARGET_NAME)";
				TEST_TARGET_NAME = QRCodeScaningDemo;
				USES_XCTRUNNER = YES;
			};
			name = Release;
		};
/* End XCBuildConfiguration section */

/* Begin XCConfigurationList section */
		492F6C841C0EC84500361542 /* Build configuration list for PBXProject "QRCodeScaningDemo" */ = {
			isa = XCConfigurationList;
			buildConfigurations = (
				492F6CB41C0EC84600361542 /* Debug */,
				492F6CB51C0EC84600361542 /* Release */,
			);
			defaultConfigurationIsVisible = 0;
			defaultConfigurationName = Release;
		};
		492F6CB61C0EC84600361542 /* Build configuration list for PBXNativeTarget "QRCodeScaningDemo" */ = {
			isa = XCConfigurationList;
			buildConfigurations = (
				492F6CB71C0EC84600361542 /* Debug */,
				492F6CB81C0EC84600361542 /* Release */,
			);
			defaultConfigurationIsVisible = 0;
			defaultConfigurationName = Release;
		};
		492F6CB91C0EC84600361542 /* Build configuration list for PBXNativeTarget "QRCodeScaningDemoTests" */ = {
			isa = XCConfigurationList;
			buildConfigurations = (
				492F6CBA1C0EC84600361542 /* Debug */,
				492F6CBB1C0EC84600361542 /* Release */,
			);
			defaultConfigurationIsVisible = 0;
			defaultConfigurationName = Release;
		};
		492F6CBC1C0EC84600361542 /* Build configuration list for PBXNativeTarget "QRCodeScaningDemoUITests" */ = {
			isa = XCConfigurationList;
			buildConfigurations = (
				492F6CBD1C0EC84600361542 /* Debug */,
				492F6CBE1C0EC84600361542 /* Release */,
			);
			defaultConfigurationIsVisible = 0;
			defaultConfigurationName = Release;
		};
/* End XCConfigurationList section */
	};
	rootObject = 492F6C811C0EC84500361542 /* Project object */;
}
